
Microsoft Visual Studio Solution File, Format Version 12.00
# Visual Studio 2012
Project("{FAE04EC0-301F-11D3-BF4B-00C04F79EFBC}") = "iApprove.Droid", "iApprove.Droid.csproj", "{BBD1AD80-3828-4BEA-8921-48F1E9FA058F}"
EndProject
Global
	GlobalSection(SolutionConfigurationPlatforms) = preSolution
		Debug|Any CPU = Debug|Any CPU
		Release|Any CPU = Release|Any CPU
	EndGlobalSection
	GlobalSection(ProjectConfigurationPlatforms) = postSolution
		{BBD1AD80-3828-4BEA-8921-48F1E9FA058F}.Debug|Any CPU.ActiveCfg = Debug|Any CPU
		{BBD1AD80-3828-4BEA-8921-48F1E9FA058F}.Debug|Any CPU.Build.0 = Debug|Any CPU
		{BBD1AD80-3828-4BEA-8921-48F1E9FA058F}.Release|Any CPU.ActiveCfg = Release|Any CPU
		{BBD1AD80-3828-4BEA-8921-48F1E9FA058F}.Release|Any CPU.Build.0 = Release|Any CPU
	EndGlobalSection
EndGlobal
